{
  "version": 4,
  "terraform_version": "1.3.2",
  "serial": 182,
  "lineage": "bf3d3772-1407-9b21-14c5-86b7713698ae",
  "outputs": {
    "Instance1_Id": {
      "value": "i-0ebec5d96a0188eab",
      "type": "string"
    },
    "Instance2_Id": {
      "value": "i-08fe6f1819234c14f",
      "type": "string"
    },
    "RouteTable1_id": {
      "value": "rtb-05921ff022c522737",
      "type": "string"
    },
    "RouteTable2_id": {
      "value": "rtb-0ad5fe97f616c9fec",
      "type": "string"
    },
    "RouteTable_association_id1": {
      "value": "rtbassoc-00879814e488f5ecc",
      "type": "string"
    },
    "RouteTable_association_id2": {
      "value": "rtbassoc-08ee314e585bbb496",
      "type": "string"
    },
    "SecurityGroup_id": {
      "value": "sg-03d77f961032fcac1",
      "type": "string"
    },
    "elastic_ip": {
      "value": "eipalloc-01858bfbf8101708e",
      "type": "string"
    },
    "igw_Id": {
      "value": "igw-0749ccabe76c4664c",
      "type": "string"
    },
    "subnet1_id": {
      "value": "subnet-0c0a9f090e4bbb05b",
      "type": "string"
    },
    "subnet2_id": {
      "value": "subnet-0ade40d930af074dc",
      "type": "string"
    },
    "vpc_id": {
      "value": "vpc-0ed2cf2f594159f16",
      "type": "string"
    }
  },
  "resources": [
    {
      "mode": "managed",
      "type": "aws_eip",
      "name": "elastic_ip",
      "provider": "provider[\"registry.terraform.io/hashicorp/aws\"]",
      "instances": [
        {
          "schema_version": 0,
          "attributes": {
            "address": null,
            "allocation_id": "eipalloc-01858bfbf8101708e",
            "associate_with_private_ip": null,
            "association_id": "",
            "carrier_ip": "",
            "customer_owned_ip": "",
            "customer_owned_ipv4_pool": "",
            "domain": "vpc",
            "id": "eipalloc-01858bfbf8101708e",
            "instance": "",
            "network_border_group": "us-west-2",
            "network_interface": "",
            "private_dns": null,
            "private_ip": "",
            "public_dns": "ec2-52-34-43-77.us-west-2.compute.amazonaws.com",
            "public_ip": "52.34.43.77",
            "public_ipv4_pool": "amazon",
            "tags": null,
            "tags_all": {},
            "timeouts": null,
            "vpc": true
          },
          "sensitive_attributes": [],
          "private": "eyJlMmJmYjczMC1lY2FhLTExZTYtOGY4OC0zNDM2M2JjN2M0YzAiOnsiZGVsZXRlIjoxODAwMDAwMDAwMDAsInJlYWQiOjkwMDAwMDAwMDAwMCwidXBkYXRlIjozMDAwMDAwMDAwMDB9fQ=="
        }
      ]
    },
    {
      "mode": "managed",
      "type": "aws_instance",
      "name": "qa_ec2",
      "provider": "provider[\"registry.terraform.io/hashicorp/aws\"]",
      "instances": [
        {
          "index_key": 0,
          "schema_version": 1,
          "attributes": {
            "ami": "ami-0c09c7eb16d3e8e70",
            "arn": "arn:aws:ec2:us-west-2:682574356252:instance/i-0ebec5d96a0188eab",
            "associate_public_ip_address": false,
            "availability_zone": "us-west-2b",
            "capacity_reservation_specification": [
              {
                "capacity_reservation_preference": "open",
                "capacity_reservation_target": []
              }
            ],
            "cpu_core_count": 1,
            "cpu_threads_per_core": 1,
            "credit_specification": [
              {
                "cpu_credits": "standard"
              }
            ],
            "disable_api_stop": false,
            "disable_api_termination": false,
            "ebs_block_device": [],
            "ebs_optimized": false,
            "enclave_options": [
              {
                "enabled": false
              }
            ],
            "ephemeral_block_device": [],
            "get_password_data": false,
            "hibernation": false,
            "host_id": null,
            "host_resource_group_arn": null,
            "iam_instance_profile": "",
            "id": "i-0ebec5d96a0188eab",
            "instance_initiated_shutdown_behavior": "stop",
            "instance_state": "running",
            "instance_type": "t2.micro",
            "ipv6_address_count": 0,
            "ipv6_addresses": [],
            "key_name": "standard",
            "launch_template": [],
            "maintenance_options": [
              {
                "auto_recovery": "default"
              }
            ],
            "metadata_options": [
              {
                "http_endpoint": "enabled",
                "http_put_response_hop_limit": 1,
                "http_tokens": "optional",
                "instance_metadata_tags": "disabled"
              }
            ],
            "monitoring": false,
            "network_interface": [],
            "outpost_arn": "",
            "password_data": "",
            "placement_group": "",
            "placement_partition_number": null,
            "primary_network_interface_id": "eni-0c15b012133a8f32a",
            "private_dns": "ip-172-168-1-17.us-west-2.compute.internal",
            "private_dns_name_options": [
              {
                "enable_resource_name_dns_a_record": false,
                "enable_resource_name_dns_aaaa_record": false,
                "hostname_type": "ip-name"
              }
            ],
            "private_ip": "172.168.1.17",
            "public_dns": "",
            "public_ip": "",
            "root_block_device": [
              {
                "delete_on_termination": true,
                "device_name": "/dev/sda1",
                "encrypted": false,
                "iops": 100,
                "kms_key_id": "",
                "tags": {},
                "throughput": 0,
                "volume_id": "vol-001905e668de33cec",
                "volume_size": 8,
                "volume_type": "gp2"
              }
            ],
            "secondary_private_ips": [],
            "security_groups": [
              "sg-03d77f961032fcac1"
            ],
            "source_dest_check": true,
            "subnet_id": "subnet-0ade40d930af074dc",
            "tags": {
              "Name": "instance-1"
            },
            "tags_all": {
              "Name": "instance-1"
            },
            "tenancy": "default",
            "timeouts": null,
            "user_data": null,
            "user_data_base64": null,
            "user_data_replace_on_change": false,
            "volume_tags": null,
            "vpc_security_group_ids": [
              "sg-03d77f961032fcac1"
            ]
          },
          "sensitive_attributes": [],
          "private": "eyJlMmJmYjczMC1lY2FhLTExZTYtOGY4OC0zNDM2M2JjN2M0YzAiOnsiY3JlYXRlIjo2MDAwMDAwMDAwMDAsImRlbGV0ZSI6MTIwMDAwMDAwMDAwMCwidXBkYXRlIjo2MDAwMDAwMDAwMDB9LCJzY2hlbWFfdmVyc2lvbiI6IjEifQ==",
          "dependencies": [
            "aws_security_group.qa_sg",
            "aws_subnet.qa_subnet",
            "aws_vpc.qa_vpc"
          ]
        },
        {
          "index_key": 1,
          "schema_version": 1,
          "attributes": {
            "ami": "ami-0c09c7eb16d3e8e70",
            "arn": "arn:aws:ec2:us-west-2:682574356252:instance/i-08fe6f1819234c14f",
            "associate_public_ip_address": false,
            "availability_zone": "us-west-2b",
            "capacity_reservation_specification": [
              {
                "capacity_reservation_preference": "open",
                "capacity_reservation_target": []
              }
            ],
            "cpu_core_count": 1,
            "cpu_threads_per_core": 1,
            "credit_specification": [
              {
                "cpu_credits": "standard"
              }
            ],
            "disable_api_stop": false,
            "disable_api_termination": false,
            "ebs_block_device": [],
            "ebs_optimized": false,
            "enclave_options": [
              {
                "enabled": false
              }
            ],
            "ephemeral_block_device": [],
            "get_password_data": false,
            "hibernation": false,
            "host_id": null,
            "host_resource_group_arn": null,
            "iam_instance_profile": "",
            "id": "i-08fe6f1819234c14f",
            "instance_initiated_shutdown_behavior": "stop",
            "instance_state": "running",
            "instance_type": "t2.micro",
            "ipv6_address_count": 0,
            "ipv6_addresses": [],
            "key_name": "standard",
            "launch_template": [],
            "maintenance_options": [
              {
                "auto_recovery": "default"
              }
            ],
            "metadata_options": [
              {
                "http_endpoint": "enabled",
                "http_put_response_hop_limit": 1,
                "http_tokens": "optional",
                "instance_metadata_tags": "disabled"
              }
            ],
            "monitoring": false,
            "network_interface": [],
            "outpost_arn": "",
            "password_data": "",
            "placement_group": "",
            "placement_partition_number": null,
            "primary_network_interface_id": "eni-098d150f383b00ef9",
            "private_dns": "ip-172-168-1-140.us-west-2.compute.internal",
            "private_dns_name_options": [
              {
                "enable_resource_name_dns_a_record": false,
                "enable_resource_name_dns_aaaa_record": false,
                "hostname_type": "ip-name"
              }
            ],
            "private_ip": "172.168.1.140",
            "public_dns": "",
            "public_ip": "",
            "root_block_device": [
              {
                "delete_on_termination": true,
                "device_name": "/dev/sda1",
                "encrypted": false,
                "iops": 100,
                "kms_key_id": "",
                "tags": {},
                "throughput": 0,
                "volume_id": "vol-0bb7202403b829736",
                "volume_size": 8,
                "volume_type": "gp2"
              }
            ],
            "secondary_private_ips": [],
            "security_groups": [
              "sg-03d77f961032fcac1"
            ],
            "source_dest_check": true,
            "subnet_id": "subnet-0ade40d930af074dc",
            "tags": {
              "Name": "instance-2"
            },
            "tags_all": {
              "Name": "instance-2"
            },
            "tenancy": "default",
            "timeouts": null,
            "user_data": null,
            "user_data_base64": null,
            "user_data_replace_on_change": false,
            "volume_tags": null,
            "vpc_security_group_ids": [
              "sg-03d77f961032fcac1"
            ]
          },
          "sensitive_attributes": [],
          "private": "eyJlMmJmYjczMC1lY2FhLTExZTYtOGY4OC0zNDM2M2JjN2M0YzAiOnsiY3JlYXRlIjo2MDAwMDAwMDAwMDAsImRlbGV0ZSI6MTIwMDAwMDAwMDAwMCwidXBkYXRlIjo2MDAwMDAwMDAwMDB9LCJzY2hlbWFfdmVyc2lvbiI6IjEifQ==",
          "dependencies": [
            "aws_security_group.qa_sg",
            "aws_subnet.qa_subnet",
            "aws_vpc.qa_vpc"
          ]
        }
      ]
    },
    {
      "mode": "managed",
      "type": "aws_internet_gateway",
      "name": "qa_igw",
      "provider": "provider[\"registry.terraform.io/hashicorp/aws\"]",
      "instances": [
        {
          "schema_version": 0,
          "attributes": {
            "arn": "arn:aws:ec2:us-west-2:682574356252:internet-gateway/igw-0749ccabe76c4664c",
            "id": "igw-0749ccabe76c4664c",
            "owner_id": "682574356252",
            "tags": {
              "Name": "qa_igw"
            },
            "tags_all": {
              "Name": "qa_igw"
            },
            "timeouts": null,
            "vpc_id": "vpc-0ed2cf2f594159f16"
          },
          "sensitive_attributes": [],
          "private": "eyJlMmJmYjczMC1lY2FhLTExZTYtOGY4OC0zNDM2M2JjN2M0YzAiOnsiY3JlYXRlIjoxMjAwMDAwMDAwMDAwLCJkZWxldGUiOjEyMDAwMDAwMDAwMDAsInVwZGF0ZSI6MTIwMDAwMDAwMDAwMH19",
          "dependencies": [
            "aws_vpc.qa_vpc"
          ]
        }
      ]
    },
    {
      "mode": "managed",
      "type": "aws_lb",
      "name": "qa_alb",
      "provider": "provider[\"registry.terraform.io/hashicorp/aws\"]",
      "instances": [
        {
          "schema_version": 0,
          "attributes": {
            "access_logs": [
              {
                "bucket": "",
                "enabled": false,
                "prefix": ""
              }
            ],
            "arn": "arn:aws:elasticloadbalancing:us-west-2:682574356252:loadbalancer/app/qa-ApplicationLoadBalancer/d6d11a8efd2eb44b",
            "arn_suffix": "app/qa-ApplicationLoadBalancer/d6d11a8efd2eb44b",
            "customer_owned_ipv4_pool": "",
            "desync_mitigation_mode": "defensive",
            "dns_name": "qa-ApplicationLoadBalancer-1005624179.us-west-2.elb.amazonaws.com",
            "drop_invalid_header_fields": false,
            "enable_cross_zone_load_balancing": null,
            "enable_deletion_protection": false,
            "enable_http2": true,
            "enable_waf_fail_open": false,
            "id": "arn:aws:elasticloadbalancing:us-west-2:682574356252:loadbalancer/app/qa-ApplicationLoadBalancer/d6d11a8efd2eb44b",
            "idle_timeout": 60,
            "internal": false,
            "ip_address_type": "ipv4",
            "load_balancer_type": "application",
            "name": "qa-ApplicationLoadBalancer",
            "name_prefix": null,
            "preserve_host_header": false,
            "security_groups": [
              "sg-03d77f961032fcac1"
            ],
            "subnet_mapping": [
              {
                "allocation_id": "",
                "ipv6_address": "",
                "outpost_id": "",
                "private_ipv4_address": "",
                "subnet_id": "subnet-0ade40d930af074dc"
              },
              {
                "allocation_id": "",
                "ipv6_address": "",
                "outpost_id": "",
                "private_ipv4_address": "",
                "subnet_id": "subnet-0c0a9f090e4bbb05b"
              }
            ],
            "subnets": [
              "subnet-0ade40d930af074dc",
              "subnet-0c0a9f090e4bbb05b"
            ],
            "tags": {
              "Environment": "qa"
            },
            "tags_all": {
              "Environment": "qa"
            },
            "timeouts": null,
            "vpc_id": "vpc-0ed2cf2f594159f16",
            "zone_id": "Z1H1FL5HABSF5"
          },
          "sensitive_attributes": [],
          "private": "eyJlMmJmYjczMC1lY2FhLTExZTYtOGY4OC0zNDM2M2JjN2M0YzAiOnsiY3JlYXRlIjo2MDAwMDAwMDAwMDAsImRlbGV0ZSI6NjAwMDAwMDAwMDAwLCJ1cGRhdGUiOjYwMDAwMDAwMDAwMH19",
          "dependencies": [
            "aws_lb_target_group.qa_tg",
            "aws_security_group.qa_sg",
            "aws_subnet.qa_subnet",
            "aws_vpc.qa_vpc"
          ]
        }
      ]
    },
    {
      "mode": "managed",
      "type": "aws_lb_listener",
      "name": "qa_alb_listener",
      "provider": "provider[\"registry.terraform.io/hashicorp/aws\"]",
      "instances": [
        {
          "schema_version": 0,
          "attributes": {
            "alpn_policy": null,
            "arn": "arn:aws:elasticloadbalancing:us-west-2:682574356252:listener/app/qa-ApplicationLoadBalancer/d6d11a8efd2eb44b/45b4da90b7e3a7bb",
            "certificate_arn": null,
            "default_action": [
              {
                "authenticate_cognito": [],
                "authenticate_oidc": [],
                "fixed_response": [],
                "forward": [],
                "order": 1,
                "redirect": [],
                "target_group_arn": "arn:aws:elasticloadbalancing:us-west-2:682574356252:targetgroup/QATargetGroup/8328b285e68f5025",
                "type": "forward"
              }
            ],
            "id": "arn:aws:elasticloadbalancing:us-west-2:682574356252:listener/app/qa-ApplicationLoadBalancer/d6d11a8efd2eb44b/45b4da90b7e3a7bb",
            "load_balancer_arn": "arn:aws:elasticloadbalancing:us-west-2:682574356252:loadbalancer/app/qa-ApplicationLoadBalancer/d6d11a8efd2eb44b",
            "port": 4200,
            "protocol": "HTTP",
            "ssl_policy": "",
            "tags": {
              "Name": "Listener-1"
            },
            "tags_all": {
              "Name": "Listener-1"
            },
            "timeouts": null
          },
          "sensitive_attributes": [],
          "private": "eyJlMmJmYjczMC1lY2FhLTExZTYtOGY4OC0zNDM2M2JjN2M0YzAiOnsicmVhZCI6NjAwMDAwMDAwMDAwfX0=",
          "dependencies": [
            "aws_lb.qa_alb",
            "aws_lb_target_group.qa_tg",
            "aws_security_group.qa_sg",
            "aws_subnet.qa_subnet",
            "aws_vpc.qa_vpc"
          ]
        }
      ]
    },
    {
      "mode": "managed",
      "type": "aws_lb_target_group",
      "name": "qa_tg",
      "provider": "provider[\"registry.terraform.io/hashicorp/aws\"]",
      "instances": [
        {
          "schema_version": 0,
          "attributes": {
            "arn": "arn:aws:elasticloadbalancing:us-west-2:682574356252:targetgroup/QATargetGroup/8328b285e68f5025",
            "arn_suffix": "targetgroup/QATargetGroup/8328b285e68f5025",
            "connection_termination": false,
            "deregistration_delay": "300",
            "health_check": [
              {
                "enabled": true,
                "healthy_threshold": 3,
                "interval": 30,
                "matcher": "200",
                "path": "/",
                "port": "4200",
                "protocol": "HTTP",
                "timeout": 5,
                "unhealthy_threshold": 3
              }
            ],
            "id": "arn:aws:elasticloadbalancing:us-west-2:682574356252:targetgroup/QATargetGroup/8328b285e68f5025",
            "ip_address_type": "ipv4",
            "lambda_multi_value_headers_enabled": false,
            "load_balancing_algorithm_type": "round_robin",
            "name": "QATargetGroup",
            "name_prefix": null,
            "port": 4200,
            "preserve_client_ip": null,
            "protocol": "HTTP",
            "protocol_version": "HTTP1",
            "proxy_protocol_v2": false,
            "slow_start": 0,
            "stickiness": [
              {
                "cookie_duration": 86400,
                "cookie_name": "",
                "enabled": false,
                "type": "lb_cookie"
              }
            ],
            "tags": {
              "Name": "QA_TargetGroup"
            },
            "tags_all": {
              "Name": "QA_TargetGroup"
            },
            "target_failover": [
              {
                "on_deregistration": null,
                "on_unhealthy": null
              }
            ],
            "target_type": "instance",
            "vpc_id": "vpc-0ed2cf2f594159f16"
          },
          "sensitive_attributes": [],
          "private": "bnVsbA==",
          "dependencies": [
            "aws_vpc.qa_vpc"
          ]
        }
      ]
    },
    {
      "mode": "managed",
      "type": "aws_lb_target_group_attachment",
      "name": "QA_TG_Attach1",
      "provider": "provider[\"registry.terraform.io/hashicorp/aws\"]",
      "instances": [
        {
          "schema_version": 0,
          "attributes": {
            "availability_zone": null,
            "id": "arn:aws:elasticloadbalancing:us-west-2:682574356252:targetgroup/QATargetGroup/8328b285e68f5025-20221115080044997700000005",
            "port": 4200,
            "target_group_arn": "arn:aws:elasticloadbalancing:us-west-2:682574356252:targetgroup/QATargetGroup/8328b285e68f5025",
            "target_id": "i-0ebec5d96a0188eab"
          },
          "sensitive_attributes": [],
          "private": "bnVsbA==",
          "dependencies": [
            "aws_instance.qa_ec2",
            "aws_lb_target_group.qa_tg",
            "aws_security_group.qa_sg",
            "aws_subnet.qa_subnet",
            "aws_vpc.qa_vpc"
          ]
        }
      ]
    },
    {
      "mode": "managed",
      "type": "aws_lb_target_group_attachment",
      "name": "QA_TG_Attach2",
      "provider": "provider[\"registry.terraform.io/hashicorp/aws\"]",
      "instances": [
        {
          "schema_version": 0,
          "attributes": {
            "availability_zone": null,
            "id": "arn:aws:elasticloadbalancing:us-west-2:682574356252:targetgroup/QATargetGroup/8328b285e68f5025-20221115080055096200000006",
            "port": 4200,
            "target_group_arn": "arn:aws:elasticloadbalancing:us-west-2:682574356252:targetgroup/QATargetGroup/8328b285e68f5025",
            "target_id": "i-08fe6f1819234c14f"
          },
          "sensitive_attributes": [],
          "private": "bnVsbA==",
          "dependencies": [
            "aws_instance.qa_ec2",
            "aws_lb_target_group.qa_tg",
            "aws_security_group.qa_sg",
            "aws_subnet.qa_subnet",
            "aws_vpc.qa_vpc"
          ]
        }
      ]
    },
    {
      "mode": "managed",
      "type": "aws_nat_gateway",
      "name": "qa_NAT",
      "provider": "provider[\"registry.terraform.io/hashicorp/aws\"]",
      "instances": [
        {
          "schema_version": 0,
          "attributes": {
            "allocation_id": "eipalloc-01858bfbf8101708e",
            "connectivity_type": "public",
            "id": "nat-0a7e42a085f406192",
            "network_interface_id": "eni-05ad2c41b38e83adb",
            "private_ip": "172.168.0.22",
            "public_ip": "52.34.43.77",
            "subnet_id": "subnet-0c0a9f090e4bbb05b",
            "tags": {
              "Name": "qa_NAT"
            },
            "tags_all": {
              "Name": "qa_NAT"
            }
          },
          "sensitive_attributes": [],
          "private": "bnVsbA==",
          "dependencies": [
            "aws_eip.elastic_ip",
            "aws_subnet.qa_subnet",
            "aws_vpc.qa_vpc"
          ]
        }
      ]
    },
    {
      "mode": "managed",
      "type": "aws_route",
      "name": "qa_nat_route",
      "provider": "provider[\"registry.terraform.io/hashicorp/aws\"]",
      "instances": [
        {
          "schema_version": 0,
          "attributes": {
            "carrier_gateway_id": "",
            "core_network_arn": "",
            "destination_cidr_block": "0.0.0.0/0",
            "destination_ipv6_cidr_block": "",
            "destination_prefix_list_id": "",
            "egress_only_gateway_id": "",
            "gateway_id": "igw-0749ccabe76c4664c",
            "id": "r-rtb-05921ff022c5227371080289494",
            "instance_id": "",
            "instance_owner_id": "",
            "local_gateway_id": "",
            "nat_gateway_id": "",
            "network_interface_id": "",
            "origin": "CreateRoute",
            "route_table_id": "rtb-05921ff022c522737",
            "state": "active",
            "timeouts": null,
            "transit_gateway_id": "",
            "vpc_endpoint_id": "",
            "vpc_peering_connection_id": ""
          },
          "sensitive_attributes": [],
          "private": "eyJlMmJmYjczMC1lY2FhLTExZTYtOGY4OC0zNDM2M2JjN2M0YzAiOnsiY3JlYXRlIjozMDAwMDAwMDAwMDAsImRlbGV0ZSI6MzAwMDAwMDAwMDAwLCJ1cGRhdGUiOjEyMDAwMDAwMDAwMH19",
          "dependencies": [
            "aws_internet_gateway.qa_igw",
            "aws_route_table.qa_Rtb",
            "aws_vpc.qa_vpc"
          ]
        }
      ]
    },
    {
      "mode": "managed",
      "type": "aws_route",
      "name": "qt_igw_route",
      "provider": "provider[\"registry.terraform.io/hashicorp/aws\"]",
      "instances": [
        {
          "schema_version": 0,
          "attributes": {
            "carrier_gateway_id": "",
            "core_network_arn": "",
            "destination_cidr_block": "0.0.0.0/0",
            "destination_ipv6_cidr_block": "",
            "destination_prefix_list_id": "",
            "egress_only_gateway_id": "",
            "gateway_id": "",
            "id": "r-rtb-0ad5fe97f616c9fec1080289494",
            "instance_id": "",
            "instance_owner_id": "",
            "local_gateway_id": "",
            "nat_gateway_id": "nat-0a7e42a085f406192",
            "network_interface_id": "",
            "origin": "CreateRoute",
            "route_table_id": "rtb-0ad5fe97f616c9fec",
            "state": "active",
            "timeouts": null,
            "transit_gateway_id": "",
            "vpc_endpoint_id": "",
            "vpc_peering_connection_id": ""
          },
          "sensitive_attributes": [],
          "private": "eyJlMmJmYjczMC1lY2FhLTExZTYtOGY4OC0zNDM2M2JjN2M0YzAiOnsiY3JlYXRlIjozMDAwMDAwMDAwMDAsImRlbGV0ZSI6MzAwMDAwMDAwMDAwLCJ1cGRhdGUiOjEyMDAwMDAwMDAwMH19",
          "dependencies": [
            "aws_eip.elastic_ip",
            "aws_nat_gateway.qa_NAT",
            "aws_route_table.qa_Rtb",
            "aws_subnet.qa_subnet",
            "aws_vpc.qa_vpc"
          ]
        }
      ]
    },
    {
      "mode": "managed",
      "type": "aws_route_table",
      "name": "qa_Rtb",
      "provider": "provider[\"registry.terraform.io/hashicorp/aws\"]",
      "instances": [
        {
          "index_key": 0,
          "schema_version": 0,
          "attributes": {
            "arn": "arn:aws:ec2:us-west-2:682574356252:route-table/rtb-05921ff022c522737",
            "id": "rtb-05921ff022c522737",
            "owner_id": "682574356252",
            "propagating_vgws": [],
            "route": [],
            "tags": {
              "Name": "pub_rt"
            },
            "tags_all": {
              "Name": "pub_rt"
            },
            "timeouts": null,
            "vpc_id": "vpc-0ed2cf2f594159f16"
          },
          "sensitive_attributes": [],
          "private": "eyJlMmJmYjczMC1lY2FhLTExZTYtOGY4OC0zNDM2M2JjN2M0YzAiOnsiY3JlYXRlIjozMDAwMDAwMDAwMDAsImRlbGV0ZSI6MzAwMDAwMDAwMDAwLCJ1cGRhdGUiOjEyMDAwMDAwMDAwMH19",
          "dependencies": [
            "aws_vpc.qa_vpc"
          ]
        },
        {
          "index_key": 1,
          "schema_version": 0,
          "attributes": {
            "arn": "arn:aws:ec2:us-west-2:682574356252:route-table/rtb-0ad5fe97f616c9fec",
            "id": "rtb-0ad5fe97f616c9fec",
            "owner_id": "682574356252",
            "propagating_vgws": [],
            "route": [],
            "tags": {
              "Name": "pvt_rt"
            },
            "tags_all": {
              "Name": "pvt_rt"
            },
            "timeouts": null,
            "vpc_id": "vpc-0ed2cf2f594159f16"
          },
          "sensitive_attributes": [],
          "private": "eyJlMmJmYjczMC1lY2FhLTExZTYtOGY4OC0zNDM2M2JjN2M0YzAiOnsiY3JlYXRlIjozMDAwMDAwMDAwMDAsImRlbGV0ZSI6MzAwMDAwMDAwMDAwLCJ1cGRhdGUiOjEyMDAwMDAwMDAwMH19",
          "dependencies": [
            "aws_vpc.qa_vpc"
          ]
        }
      ]
    },
    {
      "mode": "managed",
      "type": "aws_route_table_association",
      "name": "assc_subnet1",
      "provider": "provider[\"registry.terraform.io/hashicorp/aws\"]",
      "instances": [
        {
          "schema_version": 0,
          "attributes": {
            "gateway_id": "",
            "id": "rtbassoc-00879814e488f5ecc",
            "route_table_id": "rtb-05921ff022c522737",
            "subnet_id": "subnet-0c0a9f090e4bbb05b"
          },
          "sensitive_attributes": [],
          "private": "bnVsbA==",
          "dependencies": [
            "aws_route_table.qa_Rtb",
            "aws_subnet.qa_subnet",
            "aws_vpc.qa_vpc"
          ]
        }
      ]
    },
    {
      "mode": "managed",
      "type": "aws_route_table_association",
      "name": "assc_subnet2",
      "provider": "provider[\"registry.terraform.io/hashicorp/aws\"]",
      "instances": [
        {
          "schema_version": 0,
          "attributes": {
            "gateway_id": "",
            "id": "rtbassoc-08ee314e585bbb496",
            "route_table_id": "rtb-0ad5fe97f616c9fec",
            "subnet_id": "subnet-0ade40d930af074dc"
          },
          "sensitive_attributes": [],
          "private": "bnVsbA==",
          "dependencies": [
            "aws_route_table.qa_Rtb",
            "aws_subnet.qa_subnet",
            "aws_vpc.qa_vpc"
          ]
        }
      ]
    },
    {
      "mode": "managed",
      "type": "aws_security_group",
      "name": "qa_sg",
      "provider": "provider[\"registry.terraform.io/hashicorp/aws\"]",
      "instances": [
        {
          "schema_version": 1,
          "attributes": {
            "arn": "arn:aws:ec2:us-west-2:682574356252:security-group/sg-03d77f961032fcac1",
            "description": "This is the sg from terraform for qa environment",
            "egress": [
              {
                "cidr_blocks": [
                  "0.0.0.0/0"
                ],
                "description": "",
                "from_port": 0,
                "ipv6_cidr_blocks": [
                  "::/0"
                ],
                "prefix_list_ids": [],
                "protocol": "-1",
                "security_groups": [],
                "self": false,
                "to_port": 0
              }
            ],
            "id": "sg-03d77f961032fcac1",
            "ingress": [
              {
                "cidr_blocks": [
                  "0.0.0.0/0"
                ],
                "description": "open 4200",
                "from_port": 4200,
                "ipv6_cidr_blocks": [],
                "prefix_list_ids": [],
                "protocol": "tcp",
                "security_groups": [],
                "self": false,
                "to_port": 4200
              },
              {
                "cidr_blocks": [
                  "0.0.0.0/0"
                ],
                "description": "open 8080",
                "from_port": 8080,
                "ipv6_cidr_blocks": [],
                "prefix_list_ids": [],
                "protocol": "tcp",
                "security_groups": [],
                "self": false,
                "to_port": 8080
              },
              {
                "cidr_blocks": [
                  "0.0.0.0/0"
                ],
                "description": "open 8081",
                "from_port": 8081,
                "ipv6_cidr_blocks": [],
                "prefix_list_ids": [],
                "protocol": "tcp",
                "security_groups": [],
                "self": false,
                "to_port": 8081
              },
              {
                "cidr_blocks": [
                  "0.0.0.0/0"
                ],
                "description": "open http",
                "from_port": 80,
                "ipv6_cidr_blocks": [],
                "prefix_list_ids": [],
                "protocol": "tcp",
                "security_groups": [],
                "self": false,
                "to_port": 80
              },
              {
                "cidr_blocks": [
                  "0.0.0.0/0"
                ],
                "description": "open ssh",
                "from_port": 22,
                "ipv6_cidr_blocks": [],
                "prefix_list_ids": [],
                "protocol": "tcp",
                "security_groups": [],
                "self": false,
                "to_port": 22
              }
            ],
            "name": "terraform-20221115080001491300000001",
            "name_prefix": "terraform-",
            "owner_id": "682574356252",
            "revoke_rules_on_delete": false,
            "tags": {
              "Name": "qa_sg"
            },
            "tags_all": {
              "Name": "qa_sg"
            },
            "timeouts": null,
            "vpc_id": "vpc-0ed2cf2f594159f16"
          },
          "sensitive_attributes": [],
          "private": "eyJlMmJmYjczMC1lY2FhLTExZTYtOGY4OC0zNDM2M2JjN2M0YzAiOnsiY3JlYXRlIjo2MDAwMDAwMDAwMDAsImRlbGV0ZSI6OTAwMDAwMDAwMDAwfSwic2NoZW1hX3ZlcnNpb24iOiIxIn0=",
          "dependencies": [
            "aws_vpc.qa_vpc"
          ]
        }
      ]
    },
    {
      "mode": "managed",
      "type": "aws_subnet",
      "name": "qa_subnet",
      "provider": "provider[\"registry.terraform.io/hashicorp/aws\"]",
      "instances": [
        {
          "index_key": 0,
          "schema_version": 1,
          "attributes": {
            "arn": "arn:aws:ec2:us-west-2:682574356252:subnet/subnet-0c0a9f090e4bbb05b",
            "assign_ipv6_address_on_creation": false,
            "availability_zone": "us-west-2a",
            "availability_zone_id": "usw2-az1",
            "cidr_block": "172.168.0.0/24",
            "customer_owned_ipv4_pool": "",
            "enable_dns64": false,
            "enable_resource_name_dns_a_record_on_launch": false,
            "enable_resource_name_dns_aaaa_record_on_launch": false,
            "id": "subnet-0c0a9f090e4bbb05b",
            "ipv6_cidr_block": "",
            "ipv6_cidr_block_association_id": "",
            "ipv6_native": false,
            "map_customer_owned_ip_on_launch": false,
            "map_public_ip_on_launch": false,
            "outpost_arn": "",
            "owner_id": "682574356252",
            "private_dns_hostname_type_on_launch": "ip-name",
            "tags": {
              "Name": "Qa_App_Subnet"
            },
            "tags_all": {
              "Name": "Qa_App_Subnet"
            },
            "timeouts": null,
            "vpc_id": "vpc-0ed2cf2f594159f16"
          },
          "sensitive_attributes": [],
          "private": "eyJlMmJmYjczMC1lY2FhLTExZTYtOGY4OC0zNDM2M2JjN2M0YzAiOnsiY3JlYXRlIjo2MDAwMDAwMDAwMDAsImRlbGV0ZSI6MTIwMDAwMDAwMDAwMH0sInNjaGVtYV92ZXJzaW9uIjoiMSJ9",
          "dependencies": [
            "aws_vpc.qa_vpc"
          ]
        },
        {
          "index_key": 1,
          "schema_version": 1,
          "attributes": {
            "arn": "arn:aws:ec2:us-west-2:682574356252:subnet/subnet-0ade40d930af074dc",
            "assign_ipv6_address_on_creation": false,
            "availability_zone": "us-west-2b",
            "availability_zone_id": "usw2-az2",
            "cidr_block": "172.168.1.0/24",
            "customer_owned_ipv4_pool": "",
            "enable_dns64": false,
            "enable_resource_name_dns_a_record_on_launch": false,
            "enable_resource_name_dns_aaaa_record_on_launch": false,
            "id": "subnet-0ade40d930af074dc",
            "ipv6_cidr_block": "",
            "ipv6_cidr_block_association_id": "",
            "ipv6_native": false,
            "map_customer_owned_ip_on_launch": false,
            "map_public_ip_on_launch": false,
            "outpost_arn": "",
            "owner_id": "682574356252",
            "private_dns_hostname_type_on_launch": "ip-name",
            "tags": {
              "Name": "Qa_App_Subnet"
            },
            "tags_all": {
              "Name": "Qa_App_Subnet"
            },
            "timeouts": null,
            "vpc_id": "vpc-0ed2cf2f594159f16"
          },
          "sensitive_attributes": [],
          "private": "eyJlMmJmYjczMC1lY2FhLTExZTYtOGY4OC0zNDM2M2JjN2M0YzAiOnsiY3JlYXRlIjo2MDAwMDAwMDAwMDAsImRlbGV0ZSI6MTIwMDAwMDAwMDAwMH0sInNjaGVtYV92ZXJzaW9uIjoiMSJ9",
          "dependencies": [
            "aws_vpc.qa_vpc"
          ]
        }
      ]
    },
    {
      "mode": "managed",
      "type": "aws_vpc",
      "name": "qa_vpc",
      "provider": "provider[\"registry.terraform.io/hashicorp/aws\"]",
      "instances": [
        {
          "schema_version": 1,
          "attributes": {
            "arn": "arn:aws:ec2:us-west-2:682574356252:vpc/vpc-0ed2cf2f594159f16",
            "assign_generated_ipv6_cidr_block": false,
            "cidr_block": "172.168.0.0/16",
            "default_network_acl_id": "acl-06275d0295b72a87b",
            "default_route_table_id": "rtb-084f484a823d30a7c",
            "default_security_group_id": "sg-06d98d70d1f272224",
            "dhcp_options_id": "dopt-016dbdf22be73da49",
            "enable_classiclink": false,
            "enable_classiclink_dns_support": false,
            "enable_dns_hostnames": false,
            "enable_dns_support": true,
            "enable_network_address_usage_metrics": false,
            "id": "vpc-0ed2cf2f594159f16",
            "instance_tenancy": "default",
            "ipv4_ipam_pool_id": null,
            "ipv4_netmask_length": null,
            "ipv6_association_id": "",
            "ipv6_cidr_block": "",
            "ipv6_cidr_block_network_border_group": "",
            "ipv6_ipam_pool_id": "",
            "ipv6_netmask_length": 0,
            "main_route_table_id": "rtb-084f484a823d30a7c",
            "owner_id": "682574356252",
            "tags": {
              "Name": "Qa_Vpc"
            },
            "tags_all": {
              "Name": "Qa_Vpc"
            }
          },
          "sensitive_attributes": [],
          "private": "eyJzY2hlbWFfdmVyc2lvbiI6IjEifQ=="
        }
      ]
    }
  ],
  "check_results": []
}
